
Microsoft Visual Studio Solution File, Format Version 12.00
# Visual Studio Version 16
VisualStudioVersion = 16.0.810.11
MinimumVisualStudioVersion = 10.0.40219.1
Project("{FAE04EC0-301F-11D3-BF4B-00C04F79EFBC}") = "Task1", "Task1\Task1.csproj", "{4603A1A6-9179-41D1-89F8-1361F8BFB0E6}"
EndProject
Project("{FAE04EC0-301F-11D3-BF4B-00C04F79EFBC}") = "Task2", "Task02\Task2.csproj", "{FEBCEAB1-3600-405E-9DC5-0027BD63760B}"
EndProject
Global
	GlobalSection(SolutionConfigurationPlatforms) = preSolution
		Debug|Any CPU = Debug|Any CPU
		Release|Any CPU = Release|Any CPU
	EndGlobalSection
	GlobalSection(ProjectConfigurationPlatforms) = postSolution
		{4603A1A6-9179-41D1-89F8-1361F8BFB0E6}.Debug|Any CPU.ActiveCfg = Debug|Any CPU
		{4603A1A6-9179-41D1-89F8-1361F8BFB0E6}.Debug|Any CPU.Build.0 = Debug|Any CPU
		{4603A1A6-9179-41D1-89F8-1361F8BFB0E6}.Release|Any CPU.ActiveCfg = Release|Any CPU
		{4603A1A6-9179-41D1-89F8-1361F8BFB0E6}.Release|Any CPU.Build.0 = Release|Any CPU
		{FEBCEAB1-3600-405E-9DC5-0027BD63760B}.Debug|Any CPU.ActiveCfg = Debug|Any CPU
		{FEBCEAB1-3600-405E-9DC5-0027BD63760B}.Debug|Any CPU.Build.0 = Debug|Any CPU
		{FEBCEAB1-3600-405E-9DC5-0027BD63760B}.Release|Any CPU.ActiveCfg = Release|Any CPU
		{FEBCEAB1-3600-405E-9DC5-0027BD63760B}.Release|Any CPU.Build.0 = Release|Any CPU
	EndGlobalSection
	GlobalSection(SolutionProperties) = preSolution
		HideSolutionNode = FALSE
	EndGlobalSection
	GlobalSection(ExtensibilityGlobals) = postSolution
		SolutionGuid = {F5AAEEA7-BC6D-4765-9195-6E126102B8DE}
	EndGlobalSection
EndGlobal
