
Microsoft Visual Studio Solution File, Format Version 12.00
# Visual Studio Version 16
VisualStudioVersion = 16.0.810.13
MinimumVisualStudioVersion = 10.0.40219.1
Project("{FAE04EC0-301F-11D3-BF4B-00C04F79EFBC}") = "Task01", "Task01\Task01.csproj", "{BAED5DA9-9240-4DF2-B060-CAB5999323DE}"
EndProject
Global
	GlobalSection(SolutionConfigurationPlatforms) = preSolution
		Debug|Any CPU = Debug|Any CPU
		Release|Any CPU = Release|Any CPU
	EndGlobalSection
	GlobalSection(ProjectConfigurationPlatforms) = postSolution
		{BAED5DA9-9240-4DF2-B060-CAB5999323DE}.Debug|Any CPU.ActiveCfg = Debug|Any CPU
		{BAED5DA9-9240-4DF2-B060-CAB5999323DE}.Debug|Any CPU.Build.0 = Debug|Any CPU
		{BAED5DA9-9240-4DF2-B060-CAB5999323DE}.Release|Any CPU.ActiveCfg = Release|Any CPU
		{BAED5DA9-9240-4DF2-B060-CAB5999323DE}.Release|Any CPU.Build.0 = Release|Any CPU
	EndGlobalSection
	GlobalSection(SolutionProperties) = preSolution
		HideSolutionNode = FALSE
	EndGlobalSection
	GlobalSection(ExtensibilityGlobals) = postSolution
		SolutionGuid = {A66D443D-1656-4926-A7ED-413A330EE54C}
	EndGlobalSection
EndGlobal
