
Microsoft Visual Studio Solution File, Format Version 12.00
# Visual Studio Version 16
VisualStudioVersion = 16.0.810.14
MinimumVisualStudioVersion = 10.0.40219.1
Project("{FAE04EC0-301F-11D3-BF4B-00C04F79EFBC}") = "Task01", "Task01\Task01.csproj", "{665DEFE9-A96B-4960-88AF-4D5741A9847A}"
EndProject
Global
	GlobalSection(SolutionConfigurationPlatforms) = preSolution
		Debug|Any CPU = Debug|Any CPU
		Release|Any CPU = Release|Any CPU
	EndGlobalSection
	GlobalSection(ProjectConfigurationPlatforms) = postSolution
		{665DEFE9-A96B-4960-88AF-4D5741A9847A}.Debug|Any CPU.ActiveCfg = Debug|Any CPU
		{665DEFE9-A96B-4960-88AF-4D5741A9847A}.Debug|Any CPU.Build.0 = Debug|Any CPU
		{665DEFE9-A96B-4960-88AF-4D5741A9847A}.Release|Any CPU.ActiveCfg = Release|Any CPU
		{665DEFE9-A96B-4960-88AF-4D5741A9847A}.Release|Any CPU.Build.0 = Release|Any CPU
	EndGlobalSection
	GlobalSection(SolutionProperties) = preSolution
		HideSolutionNode = FALSE
	EndGlobalSection
	GlobalSection(ExtensibilityGlobals) = postSolution
		SolutionGuid = {C27955F0-B151-4999-8CBE-D07B772AC67B}
	EndGlobalSection
EndGlobal
